{
  "lockfile_version": "1",
  "packages": {
    "github:NixOS/nixpkgs/nixpkgs-unstable": {
      "last_modified": "2026-03-05T18:52:33Z",
      "resolved": "github:NixOS/nixpkgs/917fec990948658ef1ccd07cef2a1ef060786846?lastModified=1772736753&narHash=sha256-au%2Fm3%2BEuBLoSzWUCb64a%2FMZq6QUtOV8oC0D9tY2scPQ%3D"
    },
    "nodejs@25.8.1": {
      "last_modified": "2026-03-11T12:14:37Z",
      "plugin_version": "0.0.4",
      "resolved": "github:NixOS/nixpkgs/75690239f08f885ca9b0267580101f60d10fbe62#nodejs_25",
      "source": "devbox-search",
      "version": "25.8.1",
      "systems": {
        "aarch64-darwin": {
          "outputs": [
            {
              "name": "out",
              "path": "/nix/store/yrpv6kp9hf97w5s12a63z8fh2hk80p16-nodejs-25.8.1",
              "default": true
            }
          ],
          "store_path": "/nix/store/yrpv6kp9hf97w5s12a63z8fh2hk80p16-nodejs-25.8.1"
        },
        "aarch64-linux": {
          "outputs": [
            {
              "name": "out",
              "path": "/nix/store/zra42xdwhjgrl4a6cqqxmzxf6mw4niq1-nodejs-25.8.1",
              "default": true
            }
          ],
          "store_path": "/nix/store/zra42xdwhjgrl4a6cqqxmzxf6mw4niq1-nodejs-25.8.1"
        },
        "x86_64-darwin": {
          "outputs": [
            {
              "name": "out",
              "path": "/nix/store/1q0myk74bxs9fcd5jk45j2fj52b8vga2-nodejs-25.8.1",
              "default": true
            }
          ],
          "store_path": "/nix/store/1q0myk74bxs9fcd5jk45j2fj52b8vga2-nodejs-25.8.1"
        },
        "x86_64-linux": {
          "outputs": [
            {
              "name": "out",
              "path": "/nix/store/ip73n7ivhhyrgjnv5xqx9jpf6pyy23br-nodejs-25.8.1",
              "default": true
            }
          ],
          "store_path": "/nix/store/ip73n7ivhhyrgjnv5xqx9jpf6pyy23br-nodejs-25.8.1"
        }
      }
    },
    "rustup@1.29.0": {
      "last_modified": "2026-07-08T21:13:06Z",
      "plugin_version": "0.0.1",
      "resolved": "github:NixOS/nixpkgs/389ed85304b281ca7f306cf8a1eb4378651ca44e#rustup",
      "source": "devbox-search",
      "version": "1.29.0",
      "systems": {
        "aarch64-darwin": {
          "outputs": [
            {
              "name": "out",
              "path": "/nix/store/8jj66zrimxgsb4zzjn3ksbd2abxjcq2p-rustup-1.29.0",
              "default": true
            }
          ],
          "store_path": "/nix/store/8jj66zrimxgsb4zzjn3ksbd2abxjcq2p-rustup-1.29.0"
        },
        "aarch64-linux": {
          "outputs": [
            {
              "name": "out",
              "path": "/nix/store/9vj55909r9midg5sz7v2g4x8kjczf1l7-rustup-1.29.0",
              "default": true
            }
          ],
          "store_path": "/nix/store/9vj55909r9midg5sz7v2g4x8kjczf1l7-rustup-1.29.0"
        },
        "x86_64-darwin": {
          "outputs": [
            {
              "name": "out",
              "path": "/nix/store/lvm2155pfw1b3a9g8cij5g7vx2dk4v9f-rustup-1.29.0",
              "default": true
            }
          ],
          "store_path": "/nix/store/lvm2155pfw1b3a9g8cij5g7vx2dk4v9f-rustup-1.29.0"
        },
        "x86_64-linux": {
          "outputs": [
            {
              "name": "out",
              "path": "/nix/store/319n2f2mzydj40lf2yqmhfbb453j8bbv-rustup-1.29.0",
              "default": true
            }
          ],
          "store_path": "/nix/store/319n2f2mzydj40lf2yqmhfbb453j8bbv-rustup-1.29.0"
        }
      }
    }
  }
}
