{
  "lockfile_version": "1",
  "packages": {
    "github:NixOS/nixpkgs/nixpkgs-unstable": {
      "last_modified": "2026-01-01T04:40:00Z",
      "resolved": "github:NixOS/nixpkgs/c04833a1e584401bb63c1a63ddc51a71e6aa457a?lastModified=1767242400&narHash=sha256-knFaYjeg7swqG1dljj1hOxfg39zrIy8pfGuicjm9s%2Bo%3D"
    },
    "nodejs@25.6.0": {
      "last_modified": "2026-02-03T17:56:14Z",
      "plugin_version": "0.0.2",
      "resolved": "github:NixOS/nixpkgs/41965737c1797c1d83cfb0b644ed0840a6220bd1#nodejs_25",
      "source": "devbox-search",
      "version": "25.6.0",
      "systems": {
        "aarch64-darwin": {
          "outputs": [
            {
              "name": "out",
              "path": "/nix/store/8c4nmc0bf68hjwqynn6akiyf6wpig1w1-nodejs-25.6.0",
              "default": true
            },
            {
              "name": "dev",
              "path": "/nix/store/5w3rd6zkcllysnjza8zzxpigx1f2ylb0-nodejs-25.6.0-dev"
            },
            {
              "name": "libv8",
              "path": "/nix/store/kzds777k7j3b9m9h7xvmgfk0ns5b9s1x-nodejs-25.6.0-libv8"
            }
          ],
          "store_path": "/nix/store/8c4nmc0bf68hjwqynn6akiyf6wpig1w1-nodejs-25.6.0"
        },
        "aarch64-linux": {
          "outputs": [
            {
              "name": "out",
              "path": "/nix/store/jvl4b0b0k3xhrva7zqqbi86l6vd1v95z-nodejs-25.6.0",
              "default": true
            },
            {
              "name": "dev",
              "path": "/nix/store/v384glc8b42ka95z6zdiq1xcd2lv109n-nodejs-25.6.0-dev"
            },
            {
              "name": "libv8",
              "path": "/nix/store/6390j96zq92fmx2w1jk1q8fz367dvaqr-nodejs-25.6.0-libv8"
            }
          ],
          "store_path": "/nix/store/jvl4b0b0k3xhrva7zqqbi86l6vd1v95z-nodejs-25.6.0"
        },
        "x86_64-darwin": {
          "outputs": [
            {
              "name": "out",
              "path": "/nix/store/ynv28gii2ajgbljvg86c2z8bqc6vbdi4-nodejs-25.6.0",
              "default": true
            },
            {
              "name": "dev",
              "path": "/nix/store/n36qglbhcjaa70vz77gqkgv9znbjv3ma-nodejs-25.6.0-dev"
            },
            {
              "name": "libv8",
              "path": "/nix/store/1s644jkkd03nc75k4vkvcg5gnnz8gscf-nodejs-25.6.0-libv8"
            }
          ],
          "store_path": "/nix/store/ynv28gii2ajgbljvg86c2z8bqc6vbdi4-nodejs-25.6.0"
        },
        "x86_64-linux": {
          "outputs": [
            {
              "name": "out",
              "path": "/nix/store/x7mahrb2pll9cnzr495i0bvm3ga2n5a8-nodejs-25.6.0",
              "default": true
            },
            {
              "name": "dev",
              "path": "/nix/store/06dwppmr769vflfnpayy2y461qzfgm41-nodejs-25.6.0-dev"
            },
            {
              "name": "libv8",
              "path": "/nix/store/y4d13cm8giv6n6fw1406cwq1hgnhrx36-nodejs-25.6.0-libv8"
            }
          ],
          "store_path": "/nix/store/x7mahrb2pll9cnzr495i0bvm3ga2n5a8-nodejs-25.6.0"
        }
      }
    },
    "rustup@1.28.2": {
      "last_modified": "2025-11-23T21:50:36Z",
      "plugin_version": "0.0.1",
      "resolved": "github:NixOS/nixpkgs/ee09932cedcef15aaf476f9343d1dea2cb77e261#rustup",
      "source": "devbox-search",
      "version": "1.28.2",
      "systems": {
        "aarch64-darwin": {
          "outputs": [
            {
              "name": "out",
              "path": "/nix/store/p7y6g5vv8b81s0l00m70c0r1jkfkcqb9-rustup-1.28.2",
              "default": true
            }
          ],
          "store_path": "/nix/store/p7y6g5vv8b81s0l00m70c0r1jkfkcqb9-rustup-1.28.2"
        },
        "aarch64-linux": {
          "outputs": [
            {
              "name": "out",
              "path": "/nix/store/w936bvf1yxjf357y35laaw5w2qbarhay-rustup-1.28.2",
              "default": true
            }
          ],
          "store_path": "/nix/store/w936bvf1yxjf357y35laaw5w2qbarhay-rustup-1.28.2"
        },
        "x86_64-darwin": {
          "outputs": [
            {
              "name": "out",
              "path": "/nix/store/29kq1qxzdwkjjaim796nrsb32gagwiim-rustup-1.28.2",
              "default": true
            }
          ],
          "store_path": "/nix/store/29kq1qxzdwkjjaim796nrsb32gagwiim-rustup-1.28.2"
        },
        "x86_64-linux": {
          "outputs": [
            {
              "name": "out",
              "path": "/nix/store/w8yihglsjnym11kbsc4yv1k7mq5m7vlj-rustup-1.28.2",
              "default": true
            }
          ],
          "store_path": "/nix/store/w8yihglsjnym11kbsc4yv1k7mq5m7vlj-rustup-1.28.2"
        }
      }
    }
  }
}
