{
  "lockfile_version": "1",
  "packages": {
    "github:NixOS/nixpkgs/nixpkgs-unstable": {
      "last_modified": "2026-07-23T05:10:05Z",
      "resolved": "github:NixOS/nixpkgs/7525d999cd850b9a488817abc89c75dc733acf17?lastModified=1784783405&narHash=sha256-4IHyyLgLBdKefkljdKod4IMn023pQiDXAWJA187cmdY%3D"
    },
    "nodejs@25.8.1": {
      "last_modified": "2026-03-21T07:29:51Z",
      "plugin_version": "0.0.4",
      "resolved": "github:NixOS/nixpkgs/09061f748ee21f68a089cd5d91ec1859cd93d0be#nodejs_25",
      "source": "devbox-search",
      "version": "25.8.1",
      "systems": {
        "aarch64-darwin": {
          "outputs": [
            {
              "name": "out",
              "path": "/nix/store/kala80ghvzlaxns3h291chi9l63jvjfy-nodejs-25.8.1",
              "default": true
            }
          ],
          "store_path": "/nix/store/kala80ghvzlaxns3h291chi9l63jvjfy-nodejs-25.8.1"
        },
        "aarch64-linux": {
          "outputs": [
            {
              "name": "out",
              "path": "/nix/store/af8lqf08ahd3wxy9jhzi7d0qcrsc9kvb-nodejs-25.8.1",
              "default": true
            }
          ],
          "store_path": "/nix/store/af8lqf08ahd3wxy9jhzi7d0qcrsc9kvb-nodejs-25.8.1"
        },
        "x86_64-darwin": {
          "outputs": [
            {
              "name": "out",
              "path": "/nix/store/mj7gariyc4j8fi2b9k31ykhr6n2yklm7-nodejs-25.8.1",
              "default": true
            }
          ],
          "store_path": "/nix/store/mj7gariyc4j8fi2b9k31ykhr6n2yklm7-nodejs-25.8.1"
        },
        "x86_64-linux": {
          "outputs": [
            {
              "name": "out",
              "path": "/nix/store/h1dg57qqanqg9giys4a4akyncssbbb2v-nodejs-25.8.1",
              "default": true
            }
          ],
          "store_path": "/nix/store/h1dg57qqanqg9giys4a4akyncssbbb2v-nodejs-25.8.1"
        }
      }
    },
    "rustup@1.28.2": {
      "last_modified": "2026-03-21T07:29:51Z",
      "plugin_version": "0.0.1",
      "resolved": "github:NixOS/nixpkgs/09061f748ee21f68a089cd5d91ec1859cd93d0be#rustup",
      "source": "devbox-search",
      "version": "1.28.2",
      "systems": {
        "aarch64-darwin": {
          "outputs": [
            {
              "name": "out",
              "path": "/nix/store/z151hcfq4djwzmxxfdiy5cih1nly05aq-rustup-1.28.2",
              "default": true
            }
          ],
          "store_path": "/nix/store/z151hcfq4djwzmxxfdiy5cih1nly05aq-rustup-1.28.2"
        },
        "aarch64-linux": {
          "outputs": [
            {
              "name": "out",
              "path": "/nix/store/l1bgj6d6p3n9868n91vhb8fvzj3l0n69-rustup-1.28.2",
              "default": true
            }
          ],
          "store_path": "/nix/store/l1bgj6d6p3n9868n91vhb8fvzj3l0n69-rustup-1.28.2"
        },
        "x86_64-darwin": {
          "outputs": [
            {
              "name": "out",
              "path": "/nix/store/3rczx3p8ayxam5xp1h1jpq3cwwrzpak4-rustup-1.28.2",
              "default": true
            }
          ],
          "store_path": "/nix/store/3rczx3p8ayxam5xp1h1jpq3cwwrzpak4-rustup-1.28.2"
        },
        "x86_64-linux": {
          "outputs": [
            {
              "name": "out",
              "path": "/nix/store/8bwaqs52z4830qljdx989b86lqjq5ah3-rustup-1.28.2",
              "default": true
            }
          ],
          "store_path": "/nix/store/8bwaqs52z4830qljdx989b86lqjq5ah3-rustup-1.28.2"
        }
      }
    }
  }
}
